
Microsoft Visual Studio Solution File, Format Version 12.00
# Visual Studio 15
VisualStudioVersion = 15.0.27428.2037
MinimumVisualStudioVersion = 10.0.40219.1
Project("{FAE04EC0-301F-11D3-BF4B-00C04F79EFBC}") = "AuthServer", "AuthServer\AuthServer.csproj", "{8490AC00-AE85-4710-BA3D-F5228993D554}"
EndProject
Global
	GlobalSection(SolutionConfigurationPlatforms) = preSolution
		Debug|Any CPU = Debug|Any CPU
		Release|Any CPU = Release|Any CPU
	EndGlobalSection
	GlobalSection(ProjectConfigurationPlatforms) = postSolution
		{8490AC00-AE85-4710-BA3D-F5228993D554}.Debug|Any CPU.ActiveCfg = Debug|Any CPU
		{8490AC00-AE85-4710-BA3D-F5228993D554}.Debug|Any CPU.Build.0 = Debug|Any CPU
		{8490AC00-AE85-4710-BA3D-F5228993D554}.Release|Any CPU.ActiveCfg = Release|Any CPU
		{8490AC00-AE85-4710-BA3D-F5228993D554}.Release|Any CPU.Build.0 = Release|Any CPU
	EndGlobalSection
	GlobalSection(SolutionProperties) = preSolution
		HideSolutionNode = FALSE
	EndGlobalSection
	GlobalSection(ExtensibilityGlobals) = postSolution
		SolutionGuid = {446A25B5-692A-4FE3-AEF5-BA6AA1357D6A}
	EndGlobalSection
EndGlobal
